{
  "name": "bajo-db-mingo",
  "version": "0.1.0",
  "lockfileVersion": 1,
  "requires": true,
  "dependencies": {
    "mingo": {
      "version": "6.4.3",
      "resolved": "https://registry.npmjs.org/mingo/-/mingo-6.4.3.tgz",
      "integrity": "sha512-sR4uAFRXwo634Jm8xaz0V1t4D0hzJrrkD8BIoDobLt2mrwweN+PlLDeZ10JrdC4OgBRB1z26Vb5qvHB24JnkZQ=="
    }
  }
}
